
Microsoft Visual Studio Solution File, Format Version 12.00
# Visual Studio Version 16
VisualStudioVersion = 16.0.32407.337
MinimumVisualStudioVersion = 10.0.40219.1
Project("{9A19103F-16F7-4668-BE54-9A1E7A4F7556}") = "HHGroupCalculatorAPI", "HHGroupConvertorAPI\HHGroupCalculatorAPI.csproj", "{8E48347B-4331-49B0-B3DA-022B2CB841E2}"
EndProject
Project("{FAE04EC0-301F-11D3-BF4B-00C04F79EFBC}") = "HHGroupCalculatTests", "HHGroupCalculatTests\HHGroupCalculatTests.csproj", "{40405555-ECE0-4E2F-8D2F-35EF3462E56D}"
EndProject
Global
	GlobalSection(SolutionConfigurationPlatforms) = preSolution
		Debug|Any CPU = Debug|Any CPU
		Release|Any CPU = Release|Any CPU
	EndGlobalSection
	GlobalSection(ProjectConfigurationPlatforms) = postSolution
		{8E48347B-4331-49B0-B3DA-022B2CB841E2}.Debug|Any CPU.ActiveCfg = Debug|Any CPU
		{8E48347B-4331-49B0-B3DA-022B2CB841E2}.Debug|Any CPU.Build.0 = Debug|Any CPU
		{8E48347B-4331-49B0-B3DA-022B2CB841E2}.Release|Any CPU.ActiveCfg = Release|Any CPU
		{8E48347B-4331-49B0-B3DA-022B2CB841E2}.Release|Any CPU.Build.0 = Release|Any CPU
		{40405555-ECE0-4E2F-8D2F-35EF3462E56D}.Debug|Any CPU.ActiveCfg = Debug|Any CPU
		{40405555-ECE0-4E2F-8D2F-35EF3462E56D}.Debug|Any CPU.Build.0 = Debug|Any CPU
		{40405555-ECE0-4E2F-8D2F-35EF3462E56D}.Release|Any CPU.ActiveCfg = Release|Any CPU
		{40405555-ECE0-4E2F-8D2F-35EF3462E56D}.Release|Any CPU.Build.0 = Release|Any CPU
	EndGlobalSection
	GlobalSection(SolutionProperties) = preSolution
		HideSolutionNode = FALSE
	EndGlobalSection
	GlobalSection(ExtensibilityGlobals) = postSolution
		SolutionGuid = {A404D983-5E2E-421E-A769-DCD7572E8002}
	EndGlobalSection
EndGlobal
